
Microsoft Visual Studio Solution File, Format Version 12.00
# Visual Studio Version 17
VisualStudioVersion = 17.7.34202.233
MinimumVisualStudioVersion = 10.0.40219.1
Project("{FAE04EC0-301F-11D3-BF4B-00C04F79EFBC}") = "newAsp", "newAsp\newAsp.csproj", "{8E6EEACC-867A-4F42-B123-D125CDFB3FDA}"
EndProject
Global
	GlobalSection(SolutionConfigurationPlatforms) = preSolution
		Debug|Any CPU = Debug|Any CPU
		Release|Any CPU = Release|Any CPU
	EndGlobalSection
	GlobalSection(ProjectConfigurationPlatforms) = postSolution
		{8E6EEACC-867A-4F42-B123-D125CDFB3FDA}.Debug|Any CPU.ActiveCfg = Debug|Any CPU
		{8E6EEACC-867A-4F42-B123-D125CDFB3FDA}.Debug|Any CPU.Build.0 = Debug|Any CPU
		{8E6EEACC-867A-4F42-B123-D125CDFB3FDA}.Release|Any CPU.ActiveCfg = Release|Any CPU
		{8E6EEACC-867A-4F42-B123-D125CDFB3FDA}.Release|Any CPU.Build.0 = Release|Any CPU
	EndGlobalSection
	GlobalSection(SolutionProperties) = preSolution
		HideSolutionNode = FALSE
	EndGlobalSection
	GlobalSection(ExtensibilityGlobals) = postSolution
		SolutionGuid = {04BDA0E2-03F5-4899-B1C9-8E9B0297CD5B}
	EndGlobalSection
EndGlobal
